
Microsoft Visual Studio Solution File, Format Version 12.00
# Visual Studio 14
VisualStudioVersion = 14.0.25123.0
MinimumVisualStudioVersion = 10.0.40219.1
Project("{FAE04EC0-301F-11D3-BF4B-00C04F79EFBC}") = "VentanaGzWeb", "VentanaGzWeb\VentanaGzWeb.csproj", "{86703A9D-345A-4253-9857-3D23100FA8F7}"
EndProject
Project("{FAE04EC0-301F-11D3-BF4B-00C04F79EFBC}") = "DAL", "DAL\DAL.csproj", "{D8DA7B3E-C290-4311-B3FB-1B885A038B41}"
EndProject
Project("{FAE04EC0-301F-11D3-BF4B-00C04F79EFBC}") = "BLL", "BLL\BLL.csproj", "{BAB5C7A5-70B9-4243-AA46-B8CE7E24910A}"
EndProject
Global
	GlobalSection(SolutionConfigurationPlatforms) = preSolution
		Debug|Any CPU = Debug|Any CPU
		Release|Any CPU = Release|Any CPU
	EndGlobalSection
	GlobalSection(ProjectConfigurationPlatforms) = postSolution
		{86703A9D-345A-4253-9857-3D23100FA8F7}.Debug|Any CPU.ActiveCfg = Debug|Any CPU
		{86703A9D-345A-4253-9857-3D23100FA8F7}.Debug|Any CPU.Build.0 = Debug|Any CPU
		{86703A9D-345A-4253-9857-3D23100FA8F7}.Release|Any CPU.ActiveCfg = Release|Any CPU
		{86703A9D-345A-4253-9857-3D23100FA8F7}.Release|Any CPU.Build.0 = Release|Any CPU
		{D8DA7B3E-C290-4311-B3FB-1B885A038B41}.Debug|Any CPU.ActiveCfg = Debug|Any CPU
		{D8DA7B3E-C290-4311-B3FB-1B885A038B41}.Debug|Any CPU.Build.0 = Debug|Any CPU
		{D8DA7B3E-C290-4311-B3FB-1B885A038B41}.Release|Any CPU.ActiveCfg = Release|Any CPU
		{D8DA7B3E-C290-4311-B3FB-1B885A038B41}.Release|Any CPU.Build.0 = Release|Any CPU
		{BAB5C7A5-70B9-4243-AA46-B8CE7E24910A}.Debug|Any CPU.ActiveCfg = Debug|Any CPU
		{BAB5C7A5-70B9-4243-AA46-B8CE7E24910A}.Debug|Any CPU.Build.0 = Debug|Any CPU
		{BAB5C7A5-70B9-4243-AA46-B8CE7E24910A}.Release|Any CPU.ActiveCfg = Release|Any CPU
		{BAB5C7A5-70B9-4243-AA46-B8CE7E24910A}.Release|Any CPU.Build.0 = Release|Any CPU
	EndGlobalSection
	GlobalSection(SolutionProperties) = preSolution
		HideSolutionNode = FALSE
	EndGlobalSection
EndGlobal
